// !$*UTF8*$!
{
	archiveVersion = 1;
	classes = {
	};
	objectVersion = 46;
	objects = {

/* Begin PBXBuildFile section */
		BA2012311CF99D02006E7330 /* Au3dio.framework in Frameworks */ = {isa = PBXBuildFile; fileRef = BA2012301CF99D02006E7330 /* Au3dio.framework */; };
		BA2012321CF99D02006E7330 /* Au3dio.framework in Embed Frameworks */ = {isa = PBXBuildFile; fileRef = BA2012301CF99D02006E7330 /* Au3dio.framework */; settings = {ATTRIBUTES = (CodeSignOnCopy, RemoveHeadersOnCopy, ); }; };
		BA2012351CF99D09006E7330 /* SwiftyJSON.framework in Frameworks */ = {isa = PBXBuildFile; fileRef = BA2012341CF99D09006E7330 /* SwiftyJSON.framework */; };
		BA2012361CF99D09006E7330 /* SwiftyJSON.framework in Embed Frameworks */ = {isa = PBXBuildFile; fileRef = BA2012341CF99D09006E7330 /* SwiftyJSON.framework */; settings = {ATTRIBUTES = (CodeSignOnCopy, RemoveHeadersOnCopy, ); }; };
		BA2012381CF99D0F006E7330 /* Then.framework in Frameworks */ = {isa = PBXBuildFile; fileRef = BA2012371CF99D0F006E7330 /* Then.framework */; };
		BA2012391CF99D0F006E7330 /* Then.framework in Embed Frameworks */ = {isa = PBXBuildFile; fileRef = BA2012371CF99D0F006E7330 /* Then.framework */; settings = {ATTRIBUTES = (CodeSignOnCopy, RemoveHeadersOnCopy, ); }; };
		BA20123B1CF99D16006E7330 /* StateMachine.framework in Frameworks */ = {isa = PBXBuildFile; fileRef = BA20123A1CF99D16006E7330 /* StateMachine.framework */; };
		BA20123C1CF99D16006E7330 /* StateMachine.framework in Embed Frameworks */ = {isa = PBXBuildFile; fileRef = BA20123A1CF99D16006E7330 /* StateMachine.framework */; settings = {ATTRIBUTES = (CodeSignOnCopy, RemoveHeadersOnCopy, ); }; };
		BA20123E1CF99D1F006E7330 /* ArrayMap.framework in Frameworks */ = {isa = PBXBuildFile; fileRef = BA20123D1CF99D1F006E7330 /* ArrayMap.framework */; };
		BA20123F1CF99D1F006E7330 /* ArrayMap.framework in Embed Frameworks */ = {isa = PBXBuildFile; fileRef = BA20123D1CF99D1F006E7330 /* ArrayMap.framework */; settings = {ATTRIBUTES = (CodeSignOnCopy, RemoveHeadersOnCopy, ); }; };
		BA2012411CF99D1F006E7330 /* ConclurerHook.framework in Frameworks */ = {isa = PBXBuildFile; fileRef = BA2012401CF99D1F006E7330 /* ConclurerHook.framework */; };
		BA2012421CF99D1F006E7330 /* ConclurerHook.framework in Embed Frameworks */ = {isa = PBXBuildFile; fileRef = BA2012401CF99D1F006E7330 /* ConclurerHook.framework */; settings = {ATTRIBUTES = (CodeSignOnCopy, RemoveHeadersOnCopy, ); }; };
		BA2012481CF99F9E006E7330 /* RxSwift.framework in Frameworks */ = {isa = PBXBuildFile; fileRef = BA2012471CF99F9E006E7330 /* RxSwift.framework */; };
		BA3A40621C48EC1D00AB0B95 /* AppDelegate.swift in Sources */ = {isa = PBXBuildFile; fileRef = BA3A40611C48EC1D00AB0B95 /* AppDelegate.swift */; };
		BA3A40641C48EC1D00AB0B95 /* ViewController.swift in Sources */ = {isa = PBXBuildFile; fileRef = BA3A40631C48EC1D00AB0B95 /* ViewController.swift */; };
		BA3A40671C48EC1E00AB0B95 /* Main.storyboard in Resources */ = {isa = PBXBuildFile; fileRef = BA3A40651C48EC1E00AB0B95 /* Main.storyboard */; };
		BA3A40691C48EC1E00AB0B95 /* Assets.xcassets in Resources */ = {isa = PBXBuildFile; fileRef = BA3A40681C48EC1E00AB0B95 /* Assets.xcassets */; };
		BA3A406C1C48EC1E00AB0B95 /* LaunchScreen.storyboard in Resources */ = {isa = PBXBuildFile; fileRef = BA3A406A1C48EC1E00AB0B95 /* LaunchScreen.storyboard */; };
		BA3A40741C48EC3500AB0B95 /* Play.swift in Sources */ = {isa = PBXBuildFile; fileRef = BA3A40731C48EC3500AB0B95 /* Play.swift */; };
		BA3A408A1C48ECE500AB0B95 /* Readonly in Resources */ = {isa = PBXBuildFile; fileRef = BA3A40891C48ECE500AB0B95 /* Readonly */; };
/* End PBXBuildFile section */

/* Begin PBXCopyFilesBuildPhase section */
		BA2012331CF99D02006E7330 /* Embed Frameworks */ = {
			isa = PBXCopyFilesBuildPhase;
			buildActionMask = 2147483647;
			dstPath = "";
			dstSubfolderSpec = 10;
			files = (
				BA20123C1CF99D16006E7330 /* StateMachine.framework in Embed Frameworks */,
				BA2012421CF99D1F006E7330 /* ConclurerHook.framework in Embed Frameworks */,
				BA2012391CF99D0F006E7330 /* Then.framework in Embed Frameworks */,
				BA20123F1CF99D1F006E7330 /* ArrayMap.framework in Embed Frameworks */,
				BA2012361CF99D09006E7330 /* SwiftyJSON.framework in Embed Frameworks */,
				BA2012321CF99D02006E7330 /* Au3dio.framework in Embed Frameworks */,
			);
			name = "Embed Frameworks";
			runOnlyForDeploymentPostprocessing = 0;
		};
/* End PBXCopyFilesBuildPhase section */

/* Begin PBXFileReference section */
		BA2012301CF99D02006E7330 /* Au3dio.framework */ = {isa = PBXFileReference; explicitFileType = wrapper.framework; name = Au3dio.framework; path = "/Users/vknabel/Library/Developer/Xcode/DerivedData/Au3dio-ffsopzheyocwevhbpmtyorqvbmlt/Build/Products/Debug-iphonesimulator/Au3dio.framework"; sourceTree = "<absolute>"; };
		BA2012341CF99D09006E7330 /* SwiftyJSON.framework */ = {isa = PBXFileReference; explicitFileType = wrapper.framework; name = SwiftyJSON.framework; path = "/Users/vknabel/Library/Developer/Xcode/DerivedData/Au3dio-ffsopzheyocwevhbpmtyorqvbmlt/Build/Products/Debug-iphonesimulator/SwiftyJSON.framework"; sourceTree = "<absolute>"; };
		BA2012371CF99D0F006E7330 /* Then.framework */ = {isa = PBXFileReference; explicitFileType = wrapper.framework; name = Then.framework; path = "/Users/vknabel/Library/Developer/Xcode/DerivedData/Au3dio-ffsopzheyocwevhbpmtyorqvbmlt/Build/Products/Debug-iphonesimulator/Then.framework"; sourceTree = "<absolute>"; };
		BA20123A1CF99D16006E7330 /* StateMachine.framework */ = {isa = PBXFileReference; explicitFileType = wrapper.framework; name = StateMachine.framework; path = "/Users/vknabel/Library/Developer/Xcode/DerivedData/Au3dio-ffsopzheyocwevhbpmtyorqvbmlt/Build/Products/Debug-iphonesimulator/StateMachine.framework"; sourceTree = "<absolute>"; };
		BA20123D1CF99D1F006E7330 /* ArrayMap.framework */ = {isa = PBXFileReference; explicitFileType = wrapper.framework; name = ArrayMap.framework; path = "/Users/vknabel/Library/Developer/Xcode/DerivedData/Au3dio-ffsopzheyocwevhbpmtyorqvbmlt/Build/Products/Debug-iphonesimulator/ArrayMap.framework"; sourceTree = "<absolute>"; };
		BA2012401CF99D1F006E7330 /* ConclurerHook.framework */ = {isa = PBXFileReference; explicitFileType = wrapper.framework; name = ConclurerHook.framework; path = "/Users/vknabel/Library/Developer/Xcode/DerivedData/Au3dio-ffsopzheyocwevhbpmtyorqvbmlt/Build/Products/Debug-iphonesimulator/ConclurerHook.framework"; sourceTree = "<absolute>"; };
		BA2012471CF99F9E006E7330 /* RxSwift.framework */ = {isa = PBXFileReference; lastKnownFileType = wrapper.framework; name = RxSwift.framework; path = "../RxSwift/build/Debug-iphoneos/RxSwift.framework"; sourceTree = "<group>"; };
		BA3A405E1C48EC1D00AB0B95 /* Au3dioPlaygroundApplication.app */ = {isa = PBXFileReference; explicitFileType = wrapper.application; includeInIndex = 0; path = Au3dioPlaygroundApplication.app; sourceTree = BUILT_PRODUCTS_DIR; };
		BA3A40611C48EC1D00AB0B95 /* AppDelegate.swift */ = {isa = PBXFileReference; lastKnownFileType = sourcecode.swift; path = AppDelegate.swift; sourceTree = "<group>"; };
		BA3A40631C48EC1D00AB0B95 /* ViewController.swift */ = {isa = PBXFileReference; lastKnownFileType = sourcecode.swift; path = ViewController.swift; sourceTree = "<group>"; };
		BA3A40661C48EC1E00AB0B95 /* Base */ = {isa = PBXFileReference; lastKnownFileType = file.storyboard; name = Base; path = Base.lproj/Main.storyboard; sourceTree = "<group>"; };
		BA3A40681C48EC1E00AB0B95 /* Assets.xcassets */ = {isa = PBXFileReference; lastKnownFileType = folder.assetcatalog; path = Assets.xcassets; sourceTree = "<group>"; };
		BA3A406B1C48EC1E00AB0B95 /* Base */ = {isa = PBXFileReference; lastKnownFileType = file.storyboard; name = Base; path = Base.lproj/LaunchScreen.storyboard; sourceTree = "<group>"; };
		BA3A406D1C48EC1E00AB0B95 /* Info.plist */ = {isa = PBXFileReference; lastKnownFileType = text.plist.xml; path = Info.plist; sourceTree = "<group>"; };
		BA3A40731C48EC3500AB0B95 /* Play.swift */ = {isa = PBXFileReference; fileEncoding = 4; lastKnownFileType = sourcecode.swift; name = Play.swift; path = ../../Au3dio/Play.swift; sourceTree = "<group>"; };
		BA3A40751C48EC8A00AB0B95 /* Au3dio.framework */ = {isa = PBXFileReference; explicitFileType = wrapper.framework; name = Au3dio.framework; path = "/Users/vknabel/Library/Developer/Xcode/DerivedData/Au3dio-fzoobmuxboggsfcobbvnvisxustv/Build/Products/Debug-iphoneos/Au3dio.framework"; sourceTree = "<absolute>"; };
		BA3A40781C48EC8A00AB0B95 /* SwiftyJSON.framework */ = {isa = PBXFileReference; explicitFileType = wrapper.framework; name = SwiftyJSON.framework; path = "/Users/vknabel/Library/Developer/Xcode/DerivedData/Au3dio-fzoobmuxboggsfcobbvnvisxustv/Build/Products/Debug-iphoneos/SwiftyJSON.framework"; sourceTree = "<absolute>"; };
		BA3A407B1C48EC8A00AB0B95 /* Then.framework */ = {isa = PBXFileReference; explicitFileType = wrapper.framework; name = Then.framework; path = "/Users/vknabel/Library/Developer/Xcode/DerivedData/Au3dio-fzoobmuxboggsfcobbvnvisxustv/Build/Products/Debug-iphoneos/Then.framework"; sourceTree = "<absolute>"; };
		BA3A407E1C48EC8A00AB0B95 /* StateMachine.framework */ = {isa = PBXFileReference; explicitFileType = wrapper.framework; name = StateMachine.framework; path = "/Users/vknabel/Library/Developer/Xcode/DerivedData/Au3dio-fzoobmuxboggsfcobbvnvisxustv/Build/Products/Debug-iphoneos/StateMachine.framework"; sourceTree = "<absolute>"; };
		BA3A40811C48EC8A00AB0B95 /* ArrayMap.framework */ = {isa = PBXFileReference; explicitFileType = wrapper.framework; name = ArrayMap.framework; path = "/Users/vknabel/Library/Developer/Xcode/DerivedData/Au3dio-fzoobmuxboggsfcobbvnvisxustv/Build/Products/Debug-iphoneos/ArrayMap.framework"; sourceTree = "<absolute>"; };
		BA3A40841C48EC8A00AB0B95 /* ConclurerHook.framework */ = {isa = PBXFileReference; explicitFileType = wrapper.framework; name = ConclurerHook.framework; path = "/Users/vknabel/Library/Developer/Xcode/DerivedData/Au3dio-fzoobmuxboggsfcobbvnvisxustv/Build/Products/Debug-iphoneos/ConclurerHook.framework"; sourceTree = "<absolute>"; };
		BA3A40891C48ECE500AB0B95 /* Readonly */ = {isa = PBXFileReference; lastKnownFileType = folder; path = Readonly; sourceTree = "<group>"; };
		BACA90411C55235100516175 /* ConclurerLog.framework */ = {isa = PBXFileReference; lastKnownFileType = wrapper.framework; name = ConclurerLog.framework; path = "../ConclurerLog/build/Debug-iphoneos/ConclurerLog.framework"; sourceTree = "<group>"; };
/* End PBXFileReference section */

/* Begin PBXFrameworksBuildPhase section */
		BA3A405B1C48EC1D00AB0B95 /* Frameworks */ = {
			isa = PBXFrameworksBuildPhase;
			buildActionMask = 2147483647;
			files = (
				BA2012481CF99F9E006E7330 /* RxSwift.framework in Frameworks */,
				BA20123B1CF99D16006E7330 /* StateMachine.framework in Frameworks */,
				BA2012411CF99D1F006E7330 /* ConclurerHook.framework in Frameworks */,
				BA2012381CF99D0F006E7330 /* Then.framework in Frameworks */,
				BA20123E1CF99D1F006E7330 /* ArrayMap.framework in Frameworks */,
				BA2012351CF99D09006E7330 /* SwiftyJSON.framework in Frameworks */,
				BA2012311CF99D02006E7330 /* Au3dio.framework in Frameworks */,
			);
			runOnlyForDeploymentPostprocessing = 0;
		};
/* End PBXFrameworksBuildPhase section */

/* Begin PBXGroup section */
		BA3A40551C48EC1D00AB0B95 = {
			isa = PBXGroup;
			children = (
				BA3A40881C48EC9100AB0B95 /* Dependencies */,
				BA3A40601C48EC1D00AB0B95 /* Au3dioPlaygroundApplication */,
				BA3A405F1C48EC1D00AB0B95 /* Products */,
			);
			sourceTree = "<group>";
		};
		BA3A405F1C48EC1D00AB0B95 /* Products */ = {
			isa = PBXGroup;
			children = (
				BA3A405E1C48EC1D00AB0B95 /* Au3dioPlaygroundApplication.app */,
			);
			name = Products;
			sourceTree = "<group>";
		};
		BA3A40601C48EC1D00AB0B95 /* Au3dioPlaygroundApplication */ = {
			isa = PBXGroup;
			children = (
				BA3A40611C48EC1D00AB0B95 /* AppDelegate.swift */,
				BA3A40731C48EC3500AB0B95 /* Play.swift */,
				BA3A40631C48EC1D00AB0B95 /* ViewController.swift */,
				BA3A40651C48EC1E00AB0B95 /* Main.storyboard */,
				BA3A40681C48EC1E00AB0B95 /* Assets.xcassets */,
				BA3A406A1C48EC1E00AB0B95 /* LaunchScreen.storyboard */,
				BA3A406D1C48EC1E00AB0B95 /* Info.plist */,
				BA3A40891C48ECE500AB0B95 /* Readonly */,
			);
			path = Au3dioPlaygroundApplication;
			sourceTree = "<group>";
		};
		BA3A40881C48EC9100AB0B95 /* Dependencies */ = {
			isa = PBXGroup;
			children = (
				BA2012471CF99F9E006E7330 /* RxSwift.framework */,
				BA2012401CF99D1F006E7330 /* ConclurerHook.framework */,
				BA20123D1CF99D1F006E7330 /* ArrayMap.framework */,
				BA20123A1CF99D16006E7330 /* StateMachine.framework */,
				BA2012371CF99D0F006E7330 /* Then.framework */,
				BA2012341CF99D09006E7330 /* SwiftyJSON.framework */,
				BA2012301CF99D02006E7330 /* Au3dio.framework */,
				BACA90411C55235100516175 /* ConclurerLog.framework */,
				BA3A40841C48EC8A00AB0B95 /* ConclurerHook.framework */,
				BA3A40811C48EC8A00AB0B95 /* ArrayMap.framework */,
				BA3A407E1C48EC8A00AB0B95 /* StateMachine.framework */,
				BA3A407B1C48EC8A00AB0B95 /* Then.framework */,
				BA3A40781C48EC8A00AB0B95 /* SwiftyJSON.framework */,
				BA3A40751C48EC8A00AB0B95 /* Au3dio.framework */,
			);
			name = Dependencies;
			sourceTree = "<group>";
		};
/* End PBXGroup section */

/* Begin PBXNativeTarget section */
		BA3A405D1C48EC1D00AB0B95 /* Au3dioPlaygroundApplication */ = {
			isa = PBXNativeTarget;
			buildConfigurationList = BA3A40701C48EC1E00AB0B95 /* Build configuration list for PBXNativeTarget "Au3dioPlaygroundApplication" */;
			buildPhases = (
				BA3A405A1C48EC1D00AB0B95 /* Sources */,
				BA3A405B1C48EC1D00AB0B95 /* Frameworks */,
				BA3A405C1C48EC1D00AB0B95 /* Resources */,
				BA2012331CF99D02006E7330 /* Embed Frameworks */,
			);
			buildRules = (
			);
			dependencies = (
			);
			name = Au3dioPlaygroundApplication;
			productName = Au3dioPlaygroundApplication;
			productReference = BA3A405E1C48EC1D00AB0B95 /* Au3dioPlaygroundApplication.app */;
			productType = "com.apple.product-type.application";
		};
/* End PBXNativeTarget section */

/* Begin PBXProject section */
		BA3A40561C48EC1D00AB0B95 /* Project object */ = {
			isa = PBXProject;
			attributes = {
				LastSwiftUpdateCheck = 0720;
				LastUpgradeCheck = 0720;
				ORGANIZATIONNAME = "Valentin Knabel";
				TargetAttributes = {
					BA3A405D1C48EC1D00AB0B95 = {
						CreatedOnToolsVersion = 7.2;
					};
				};
			};
			buildConfigurationList = BA3A40591C48EC1D00AB0B95 /* Build configuration list for PBXProject "Au3dioPlaygroundApplication" */;
			compatibilityVersion = "Xcode 3.2";
			developmentRegion = English;
			hasScannedForEncodings = 0;
			knownRegions = (
				en,
				Base,
			);
			mainGroup = BA3A40551C48EC1D00AB0B95;
			productRefGroup = BA3A405F1C48EC1D00AB0B95 /* Products */;
			projectDirPath = "";
			projectRoot = "";
			targets = (
				BA3A405D1C48EC1D00AB0B95 /* Au3dioPlaygroundApplication */,
			);
		};
/* End PBXProject section */

/* Begin PBXResourcesBuildPhase section */
		BA3A405C1C48EC1D00AB0B95 /* Resources */ = {
			isa = PBXResourcesBuildPhase;
			buildActionMask = 2147483647;
			files = (
				BA3A406C1C48EC1E00AB0B95 /* LaunchScreen.storyboard in Resources */,
				BA3A40691C48EC1E00AB0B95 /* Assets.xcassets in Resources */,
				BA3A408A1C48ECE500AB0B95 /* Readonly in Resources */,
				BA3A40671C48EC1E00AB0B95 /* Main.storyboard in Resources */,
			);
			runOnlyForDeploymentPostprocessing = 0;
		};
/* End PBXResourcesBuildPhase section */

/* Begin PBXSourcesBuildPhase section */
		BA3A405A1C48EC1D00AB0B95 /* Sources */ = {
			isa = PBXSourcesBuildPhase;
			buildActionMask = 2147483647;
			files = (
				BA3A40641C48EC1D00AB0B95 /* ViewController.swift in Sources */,
				BA3A40621C48EC1D00AB0B95 /* AppDelegate.swift in Sources */,
				BA3A40741C48EC3500AB0B95 /* Play.swift in Sources */,
			);
			runOnlyForDeploymentPostprocessing = 0;
		};
/* End PBXSourcesBuildPhase section */

/* Begin PBXVariantGroup section */
		BA3A40651C48EC1E00AB0B95 /* Main.storyboard */ = {
			isa = PBXVariantGroup;
			children = (
				BA3A40661C48EC1E00AB0B95 /* Base */,
			);
			name = Main.storyboard;
			sourceTree = "<group>";
		};
		BA3A406A1C48EC1E00AB0B95 /* LaunchScreen.storyboard */ = {
			isa = PBXVariantGroup;
			children = (
				BA3A406B1C48EC1E00AB0B95 /* Base */,
			);
			name = LaunchScreen.storyboard;
			sourceTree = "<group>";
		};
/* End PBXVariantGroup section */

/* Begin XCBuildConfiguration section */
		BA3A406E1C48EC1E00AB0B95 /* Debug */ = {
			isa = XCBuildConfiguration;
			buildSettings = {
				ALWAYS_SEARCH_USER_PATHS = NO;
				CLANG_CXX_LANGUAGE_STANDARD = "gnu++0x";
				CLANG_CXX_LIBRARY = "libc++";
				CLANG_ENABLE_MODULES = YES;
				CLANG_ENABLE_OBJC_ARC = YES;
				CLANG_WARN_BOOL_CONVERSION = YES;
				CLANG_WARN_CONSTANT_CONVERSION = YES;
				CLANG_WARN_DIRECT_OBJC_ISA_USAGE = YES_ERROR;
				CLANG_WARN_EMPTY_BODY = YES;
				CLANG_WARN_ENUM_CONVERSION = YES;
				CLANG_WARN_INT_CONVERSION = YES;
				CLANG_WARN_OBJC_ROOT_CLASS = YES_ERROR;
				CLANG_WARN_UNREACHABLE_CODE = YES;
				CLANG_WARN__DUPLICATE_METHOD_MATCH = YES;
				"CODE_SIGN_IDENTITY[sdk=iphoneos*]" = "iPhone Developer";
				COPY_PHASE_STRIP = NO;
				DEBUG_INFORMATION_FORMAT = dwarf;
				ENABLE_STRICT_OBJC_MSGSEND = YES;
				ENABLE_TESTABILITY = YES;
				GCC_C_LANGUAGE_STANDARD = gnu99;
				GCC_DYNAMIC_NO_PIC = NO;
				GCC_NO_COMMON_BLOCKS = YES;
				GCC_OPTIMIZATION_LEVEL = 0;
				GCC_PREPROCESSOR_DEFINITIONS = (
					"DEBUG=1",
					"$(inherited)",
				);
				GCC_WARN_64_TO_32_BIT_CONVERSION = YES;
				GCC_WARN_ABOUT_RETURN_TYPE = YES_ERROR;
				GCC_WARN_UNDECLARED_SELECTOR = YES;
				GCC_WARN_UNINITIALIZED_AUTOS = YES_AGGRESSIVE;
				GCC_WARN_UNUSED_FUNCTION = YES;
				GCC_WARN_UNUSED_VARIABLE = YES;
				IPHONEOS_DEPLOYMENT_TARGET = 9.2;
				MTL_ENABLE_DEBUG_INFO = YES;
				ONLY_ACTIVE_ARCH = YES;
				SDKROOT = iphoneos;
				SWIFT_OPTIMIZATION_LEVEL = "-Onone";
			};
			name = Debug;
		};
		BA3A406F1C48EC1E00AB0B95 /* Release */ = {
			isa = XCBuildConfiguration;
			buildSettings = {
				ALWAYS_SEARCH_USER_PATHS = NO;
				CLANG_CXX_LANGUAGE_STANDARD = "gnu++0x";
				CLANG_CXX_LIBRARY = "libc++";
				CLANG_ENABLE_MODULES = YES;
				CLANG_ENABLE_OBJC_ARC = YES;
				CLANG_WARN_BOOL_CONVERSION = YES;
				CLANG_WARN_CONSTANT_CONVERSION = YES;
				CLANG_WARN_DIRECT_OBJC_ISA_USAGE = YES_ERROR;
				CLANG_WARN_EMPTY_BODY = YES;
				CLANG_WARN_ENUM_CONVERSION = YES;
				CLANG_WARN_INT_CONVERSION = YES;
				CLANG_WARN_OBJC_ROOT_CLASS = YES_ERROR;
				CLANG_WARN_UNREACHABLE_CODE = YES;
				CLANG_WARN__DUPLICATE_METHOD_MATCH = YES;
				"CODE_SIGN_IDENTITY[sdk=iphoneos*]" = "iPhone Developer";
				COPY_PHASE_STRIP = NO;
				DEBUG_INFORMATION_FORMAT = "dwarf-with-dsym";
				ENABLE_NS_ASSERTIONS = NO;
				ENABLE_STRICT_OBJC_MSGSEND = YES;
				GCC_C_LANGUAGE_STANDARD = gnu99;
				GCC_NO_COMMON_BLOCKS = YES;
				GCC_WARN_64_TO_32_BIT_CONVERSION = YES;
				GCC_WARN_ABOUT_RETURN_TYPE = YES_ERROR;
				GCC_WARN_UNDECLARED_SELECTOR = YES;
				GCC_WARN_UNINITIALIZED_AUTOS = YES_AGGRESSIVE;
				GCC_WARN_UNUSED_FUNCTION = YES;
				GCC_WARN_UNUSED_VARIABLE = YES;
				IPHONEOS_DEPLOYMENT_TARGET = 9.2;
				MTL_ENABLE_DEBUG_INFO = NO;
				SDKROOT = iphoneos;
				VALIDATE_PRODUCT = YES;
			};
			name = Release;
		};
		BA3A40711C48EC1E00AB0B95 /* Debug */ = {
			isa = XCBuildConfiguration;
			buildSettings = {
				ASSETCATALOG_COMPILER_APPICON_NAME = AppIcon;
				INFOPLIST_FILE = Au3dioPlaygroundApplication/Info.plist;
				LD_RUNPATH_SEARCH_PATHS = "$(inherited) @executable_path/Frameworks";
				PRODUCT_BUNDLE_IDENTIFIER = de.valentinknabel.Au3dioPlaygroundApplication;
				PRODUCT_NAME = "$(TARGET_NAME)";
			};
			name = Debug;
		};
		BA3A40721C48EC1E00AB0B95 /* Release */ = {
			isa = XCBuildConfiguration;
			buildSettings = {
				ASSETCATALOG_COMPILER_APPICON_NAME = AppIcon;
				INFOPLIST_FILE = Au3dioPlaygroundApplication/Info.plist;
				LD_RUNPATH_SEARCH_PATHS = "$(inherited) @executable_path/Frameworks";
				PRODUCT_BUNDLE_IDENTIFIER = de.valentinknabel.Au3dioPlaygroundApplication;
				PRODUCT_NAME = "$(TARGET_NAME)";
			};
			name = Release;
		};
/* End XCBuildConfiguration section */

/* Begin XCConfigurationList section */
		BA3A40591C48EC1D00AB0B95 /* Build configuration list for PBXProject "Au3dioPlaygroundApplication" */ = {
			isa = XCConfigurationList;
			buildConfigurations = (
				BA3A406E1C48EC1E00AB0B95 /* Debug */,
				BA3A406F1C48EC1E00AB0B95 /* Release */,
			);
			defaultConfigurationIsVisible = 0;
			defaultConfigurationName = Release;
		};
		BA3A40701C48EC1E00AB0B95 /* Build configuration list for PBXNativeTarget "Au3dioPlaygroundApplication" */ = {
			isa = XCConfigurationList;
			buildConfigurations = (
				BA3A40711C48EC1E00AB0B95 /* Debug */,
				BA3A40721C48EC1E00AB0B95 /* Release */,
			);
			defaultConfigurationIsVisible = 0;
			defaultConfigurationName = Release;
		};
/* End XCConfigurationList section */
	};
	rootObject = BA3A40561C48EC1D00AB0B95 /* Project object */;
}
